
Microsoft Visual Studio Solution File, Format Version 12.00
# Visual Studio Version 16
VisualStudioVersion = 16.0.32901.82
MinimumVisualStudioVersion = 10.0.40219.1
Project("{FAE04EC0-301F-11D3-BF4B-00C04F79EFBC}") = "WindowsFormsApp1", "WindowsFormsApp1\WindowsFormsApp1.csproj", "{26897D66-855D-4807-8D57-146095967CB6}"
EndProject
Global
	GlobalSection(SolutionConfigurationPlatforms) = preSolution
		Debug|Any CPU = Debug|Any CPU
		Release|Any CPU = Release|Any CPU
	EndGlobalSection
	GlobalSection(ProjectConfigurationPlatforms) = postSolution
		{26897D66-855D-4807-8D57-146095967CB6}.Debug|Any CPU.ActiveCfg = Debug|Any CPU
		{26897D66-855D-4807-8D57-146095967CB6}.Debug|Any CPU.Build.0 = Debug|Any CPU
		{26897D66-855D-4807-8D57-146095967CB6}.Release|Any CPU.ActiveCfg = Release|Any CPU
		{26897D66-855D-4807-8D57-146095967CB6}.Release|Any CPU.Build.0 = Release|Any CPU
	EndGlobalSection
	GlobalSection(SolutionProperties) = preSolution
		HideSolutionNode = FALSE
	EndGlobalSection
	GlobalSection(ExtensibilityGlobals) = postSolution
		SolutionGuid = {110E26A6-CFA4-41C4-B2D8-38F99439B22E}
	EndGlobalSection
EndGlobal
